dependencies:
- name: postgresql
  repository: oci://registry-1.docker.io/bitnamicharts
  version: 13.4.6
- name: spar-mapper-api
  repository: ""
  version: 0.1.0
- name: spar-self-service-api
  repository: ""
  version: 0.1.0
- name: spar-self-service-ui
  repository: ""
  version: 0.1.0
- name: sunbird-rc-g2p-mapper-registry
  repository: https://openg2p.github.io/openg2p-helm
  version: 0.1.0
digest: sha256:32c20634d87d72f0729432f29fa7b2af50bd2acdc5b9b7b5c2175d855658dcc9
generated: "2024-04-26T19:32:47.90904098+05:30"
